// !$*UTF8*$!
{
	archiveVersion = 1;
	classes = {
	};
	objectVersion = 52;
	objects = {

/* Begin PBXBuildFile section */
		1C1B207C26121BA700214946 /* APIService.swift in Sources */ = {isa = PBXBuildFile; fileRef = 1C1B207B26121BA700214946 /* APIService.swift */; };
		1C1B20822612207100214946 /* LoginResponse.swift in Sources */ = {isa = PBXBuildFile; fileRef = 1C1B20812612207100214946 /* LoginResponse.swift */; };
		1C1B209026122BB700214946 /* Util.swift in Sources */ = {isa = PBXBuildFile; fileRef = 1C1B208F26122BB700214946 /* Util.swift */; };
		1C1B209526122C4200214946 /* AppConstant.swift in Sources */ = {isa = PBXBuildFile; fileRef = 1C1B209426122C4200214946 /* AppConstant.swift */; };
		1C1B209E26122DBD00214946 /* String.swift in Sources */ = {isa = PBXBuildFile; fileRef = 1C1B209D26122DBD00214946 /* String.swift */; };
		1C59ED0226135731004ACE38 /* ValidationUtil.swift in Sources */ = {isa = PBXBuildFile; fileRef = 1C59ED0126135731004ACE38 /* ValidationUtil.swift */; };
		1CBF6CFA25F5FE6F001A801B /* AppDelegate.swift in Sources */ = {isa = PBXBuildFile; fileRef = 1CBF6CF925F5FE6F001A801B /* AppDelegate.swift */; };
		1CBF6CFC25F5FE6F001A801B /* SceneDelegate.swift in Sources */ = {isa = PBXBuildFile; fileRef = 1CBF6CFB25F5FE6F001A801B /* SceneDelegate.swift */; };
		1CBF6CFE25F5FE6F001A801B /* ViewController.swift in Sources */ = {isa = PBXBuildFile; fileRef = 1CBF6CFD25F5FE6F001A801B /* ViewController.swift */; };
		1CBF6D0125F5FE6F001A801B /* Main.storyboard in Resources */ = {isa = PBXBuildFile; fileRef = 1CBF6CFF25F5FE6F001A801B /* Main.storyboard */; };
		1CBF6D0425F5FE6F001A801B /* AmazonOrderScrapper.xcdatamodeld in Sources */ = {isa = PBXBuildFile; fileRef = 1CBF6D0225F5FE6F001A801B /* AmazonOrderScrapper.xcdatamodeld */; };
		1CBF6D0925F5FE70001A801B /* LaunchScreen.storyboard in Resources */ = {isa = PBXBuildFile; fileRef = 1CBF6D0725F5FE70001A801B /* LaunchScreen.storyboard */; };
		1CBF6D1425F5FE71001A801B /* AmazonOrderScrapperTests.swift in Sources */ = {isa = PBXBuildFile; fileRef = 1CBF6D1325F5FE71001A801B /* AmazonOrderScrapperTests.swift */; };
		1CBF6D1F25F5FE71001A801B /* AmazonOrderScrapperUITests.swift in Sources */ = {isa = PBXBuildFile; fileRef = 1CBF6D1E25F5FE71001A801B /* AmazonOrderScrapperUITests.swift */; };
		1CE8507025F7B646000A7158 /* ContentView.swift in Sources */ = {isa = PBXBuildFile; fileRef = 1CE8506F25F7B646000A7158 /* ContentView.swift */; };
		E15343BB26138B270074F3ED /* OrderScrapper.framework in Frameworks */ = {isa = PBXBuildFile; fileRef = E15343B2261386ED0074F3ED /* OrderScrapper.framework */; };
		E15343BC26138B270074F3ED /* OrderScrapper.framework in Embed Frameworks */ = {isa = PBXBuildFile; fileRef = E15343B2261386ED0074F3ED /* OrderScrapper.framework */; settings = {ATTRIBUTES = (CodeSignOnCopy, RemoveHeadersOnCopy, ); }; };
		E1793950261F355D001E4E39 /* FIRAnalyticsConnector.framework in Frameworks */ = {isa = PBXBuildFile; fileRef = E1793945261F355C001E4E39 /* FIRAnalyticsConnector.framework */; };
		E1793951261F355D001E4E39 /* GoogleUtilities.framework in Frameworks */ = {isa = PBXBuildFile; fileRef = E1793946261F355C001E4E39 /* GoogleUtilities.framework */; };
		E1793952261F355D001E4E39 /* FirebaseCoreDiagnostics.framework in Frameworks */ = {isa = PBXBuildFile; fileRef = E1793947261F355C001E4E39 /* FirebaseCoreDiagnostics.framework */; };
		E1793953261F355D001E4E39 /* GoogleDataTransport.framework in Frameworks */ = {isa = PBXBuildFile; fileRef = E1793948261F355C001E4E39 /* GoogleDataTransport.framework */; };
		E1793954261F355D001E4E39 /* FirebaseInstallations.framework in Frameworks */ = {isa = PBXBuildFile; fileRef = E1793949261F355C001E4E39 /* FirebaseInstallations.framework */; };
		E1793955261F355D001E4E39 /* Firebase.framework in Frameworks */ = {isa = PBXBuildFile; fileRef = E179394A261F355C001E4E39 /* Firebase.framework */; };
		E1793956261F355D001E4E39 /* FirebaseAnalytics.framework in Frameworks */ = {isa = PBXBuildFile; fileRef = E179394B261F355C001E4E39 /* FirebaseAnalytics.framework */; };
		E1793957261F355D001E4E39 /* GoogleAppMeasurement.framework in Frameworks */ = {isa = PBXBuildFile; fileRef = E179394C261F355C001E4E39 /* GoogleAppMeasurement.framework */; };
		E1793958261F355D001E4E39 /* nanopb.framework in Frameworks */ = {isa = PBXBuildFile; fileRef = E179394D261F355C001E4E39 /* nanopb.framework */; };
		E1793959261F355D001E4E39 /* PromisesObjC.framework in Frameworks */ = {isa = PBXBuildFile; fileRef = E179394E261F355D001E4E39 /* PromisesObjC.framework */; };
		E179395A261F355D001E4E39 /* FirebaseCore.framework in Frameworks */ = {isa = PBXBuildFile; fileRef = E179394F261F355D001E4E39 /* FirebaseCore.framework */; };
		E179395E261F36E7001E4E39 /* GoogleService-Info.plist in Resources */ = {isa = PBXBuildFile; fileRef = E179395D261F36E7001E4E39 /* GoogleService-Info.plist */; };
		E19D4CB22608A1D0002C16A7 /* AccountsViewController.swift in Sources */ = {isa = PBXBuildFile; fileRef = E19D4CB12608A1D0002C16A7 /* AccountsViewController.swift */; };
		E1E8CFCD25FA2EF20064A55F /* Assets.xcassets in Resources */ = {isa = PBXBuildFile; fileRef = E1E8CFCC25FA2EF20064A55F /* Assets.xcassets */; };
		E1EDF12D2615A65000752507 /* Alamofire.xcframework in Frameworks */ = {isa = PBXBuildFile; fileRef = E1EDF11A2615A28700752507 /* Alamofire.xcframework */; };
		E1EDF12E2615A65000752507 /* Alamofire.xcframework in Embed Frameworks */ = {isa = PBXBuildFile; fileRef = E1EDF11A2615A28700752507 /* Alamofire.xcframework */; settings = {ATTRIBUTES = (CodeSignOnCopy, RemoveHeadersOnCopy, ); }; };
		E1EDF12F2615A65000752507 /* CSV.xcframework in Frameworks */ = {isa = PBXBuildFile; fileRef = E1EDF11B2615A28700752507 /* CSV.xcframework */; };
		E1EDF1302615A65000752507 /* CSV.xcframework in Embed Frameworks */ = {isa = PBXBuildFile; fileRef = E1EDF11B2615A28700752507 /* CSV.xcframework */; settings = {ATTRIBUTES = (CodeSignOnCopy, RemoveHeadersOnCopy, ); }; };
		E1EDF1312615A65000752507 /* RNCryptor.xcframework in Frameworks */ = {isa = PBXBuildFile; fileRef = E1EDF11C2615A28700752507 /* RNCryptor.xcframework */; };
		E1EDF1322615A65000752507 /* RNCryptor.xcframework in Embed Frameworks */ = {isa = PBXBuildFile; fileRef = E1EDF11C2615A28700752507 /* RNCryptor.xcframework */; settings = {ATTRIBUTES = (CodeSignOnCopy, RemoveHeadersOnCopy, ); }; };
/* End PBXBuildFile section */

/* Begin PBXContainerItemProxy section */
		1CBF6D1025F5FE71001A801B /* PBXContainerItemProxy */ = {
			isa = PBXContainerItemProxy;
			containerPortal = 1CBF6CEE25F5FE6F001A801B /* Project object */;
			proxyType = 1;
			remoteGlobalIDString = 1CBF6CF525F5FE6F001A801B;
			remoteInfo = AmazonOrderScrapper;
		};
		1CBF6D1B25F5FE71001A801B /* PBXContainerItemProxy */ = {
			isa = PBXContainerItemProxy;
			containerPortal = 1CBF6CEE25F5FE6F001A801B /* Project object */;
			proxyType = 1;
			remoteGlobalIDString = 1CBF6CF525F5FE6F001A801B;
			remoteInfo = AmazonOrderScrapper;
		};
/* End PBXContainerItemProxy section */

/* Begin PBXCopyFilesBuildPhase section */
		1C5F680F26135CBB00CF2BDB /* Embed Frameworks */ = {
			isa = PBXCopyFilesBuildPhase;
			buildActionMask = 2147483647;
			dstPath = "";
			dstSubfolderSpec = 10;
			files = (
				E1EDF12E2615A65000752507 /* Alamofire.xcframework in Embed Frameworks */,
				E15343BC26138B270074F3ED /* OrderScrapper.framework in Embed Frameworks */,
				E1EDF1302615A65000752507 /* CSV.xcframework in Embed Frameworks */,
				E1EDF1322615A65000752507 /* RNCryptor.xcframework in Embed Frameworks */,
			);
			name = "Embed Frameworks";
			runOnlyForDeploymentPostprocessing = 0;
		};
/* End PBXCopyFilesBuildPhase section */

/* Begin PBXFileReference section */
		1C1B207B26121BA700214946 /* APIService.swift */ = {isa = PBXFileReference; lastKnownFileType = sourcecode.swift; path = APIService.swift; sourceTree = "<group>"; };
		1C1B20812612207100214946 /* LoginResponse.swift */ = {isa = PBXFileReference; lastKnownFileType = sourcecode.swift; path = LoginResponse.swift; sourceTree = "<group>"; };
		1C1B208F26122BB700214946 /* Util.swift */ = {isa = PBXFileReference; lastKnownFileType = sourcecode.swift; path = Util.swift; sourceTree = "<group>"; };
		1C1B209426122C4200214946 /* AppConstant.swift */ = {isa = PBXFileReference; lastKnownFileType = sourcecode.swift; path = AppConstant.swift; sourceTree = "<group>"; };
		1C1B209D26122DBD00214946 /* String.swift */ = {isa = PBXFileReference; lastKnownFileType = sourcecode.swift; path = String.swift; sourceTree = "<group>"; };
		1C59ED0126135731004ACE38 /* ValidationUtil.swift */ = {isa = PBXFileReference; lastKnownFileType = sourcecode.swift; path = ValidationUtil.swift; sourceTree = "<group>"; };
		1CBF6CF625F5FE6F001A801B /* ReceiptStraw-Dev.app */ = {isa = PBXFileReference; explicitFileType = wrapper.application; includeInIndex = 0; path = "ReceiptStraw-Dev.app"; sourceTree = BUILT_PRODUCTS_DIR; };
		1CBF6CF925F5FE6F001A801B /* AppDelegate.swift */ = {isa = PBXFileReference; lastKnownFileType = sourcecode.swift; path = AppDelegate.swift; sourceTree = "<group>"; };
		1CBF6CFB25F5FE6F001A801B /* SceneDelegate.swift */ = {isa = PBXFileReference; lastKnownFileType = sourcecode.swift; path = SceneDelegate.swift; sourceTree = "<group>"; };
		1CBF6CFD25F5FE6F001A801B /* ViewController.swift */ = {isa = PBXFileReference; lastKnownFileType = sourcecode.swift; path = ViewController.swift; sourceTree = "<group>"; };
		1CBF6D0025F5FE6F001A801B /* Base */ = {isa = PBXFileReference; lastKnownFileType = file.storyboard; name = Base; path = Base.lproj/Main.storyboard; sourceTree = "<group>"; };
		1CBF6D0325F5FE6F001A801B /* AmazonOrderScrapper.xcdatamodel */ = {isa = PBXFileReference; lastKnownFileType = wrapper.xcdatamodel; path = AmazonOrderScrapper.xcdatamodel; sourceTree = "<group>"; };
		1CBF6D0825F5FE70001A801B /* Base */ = {isa = PBXFileReference; lastKnownFileType = file.storyboard; name = Base; path = Base.lproj/LaunchScreen.storyboard; sourceTree = "<group>"; };
		1CBF6D0A25F5FE70001A801B /* Info.plist */ = {isa = PBXFileReference; lastKnownFileType = text.plist.xml; path = Info.plist; sourceTree = "<group>"; };
		1CBF6D0F25F5FE71001A801B /* AmazonOrderScrapperTests.xctest */ = {isa = PBXFileReference; explicitFileType = wrapper.cfbundle; includeInIndex = 0; path = AmazonOrderScrapperTests.xctest; sourceTree = BUILT_PRODUCTS_DIR; };
		1CBF6D1325F5FE71001A801B /* AmazonOrderScrapperTests.swift */ = {isa = PBXFileReference; lastKnownFileType = sourcecode.swift; path = AmazonOrderScrapperTests.swift; sourceTree = "<group>"; };
		1CBF6D1525F5FE71001A801B /* Info.plist */ = {isa = PBXFileReference; lastKnownFileType = text.plist.xml; path = Info.plist; sourceTree = "<group>"; };
		1CBF6D1A25F5FE71001A801B /* AmazonOrderScrapperUITests.xctest */ = {isa = PBXFileReference; explicitFileType = wrapper.cfbundle; includeInIndex = 0; path = AmazonOrderScrapperUITests.xctest; sourceTree = BUILT_PRODUCTS_DIR; };
		1CBF6D1E25F5FE71001A801B /* AmazonOrderScrapperUITests.swift */ = {isa = PBXFileReference; lastKnownFileType = sourcecode.swift; path = AmazonOrderScrapperUITests.swift; sourceTree = "<group>"; };
		1CBF6D2025F5FE71001A801B /* Info.plist */ = {isa = PBXFileReference; lastKnownFileType = text.plist.xml; path = Info.plist; sourceTree = "<group>"; };
		1CE8506F25F7B646000A7158 /* ContentView.swift */ = {isa = PBXFileReference; lastKnownFileType = sourcecode.swift; path = ContentView.swift; sourceTree = "<group>"; };
		E15343B2261386ED0074F3ED /* OrderScrapper.framework */ = {isa = PBXFileReference; lastKnownFileType = wrapper.framework; name = OrderScrapper.framework; path = ../../bin/OrderScrapper.framework; sourceTree = "<group>"; };
		E1793945261F355C001E4E39 /* FIRAnalyticsConnector.framework */ = {isa = PBXFileReference; lastKnownFileType = wrapper.framework; name = FIRAnalyticsConnector.framework; path = ../../src/OrderScrapper/Carthage/Build/iOS/FIRAnalyticsConnector.framework; sourceTree = "<group>"; };
		E1793946261F355C001E4E39 /* GoogleUtilities.framework */ = {isa = PBXFileReference; lastKnownFileType = wrapper.framework; name = GoogleUtilities.framework; path = ../../src/OrderScrapper/Carthage/Build/iOS/GoogleUtilities.framework; sourceTree = "<group>"; };
		E1793947261F355C001E4E39 /* FirebaseCoreDiagnostics.framework */ = {isa = PBXFileReference; lastKnownFileType = wrapper.framework; name = FirebaseCoreDiagnostics.framework; path = ../../src/OrderScrapper/Carthage/Build/iOS/FirebaseCoreDiagnostics.framework; sourceTree = "<group>"; };
		E1793948261F355C001E4E39 /* GoogleDataTransport.framework */ = {isa = PBXFileReference; lastKnownFileType = wrapper.framework; name = GoogleDataTransport.framework; path = ../../src/OrderScrapper/Carthage/Build/iOS/GoogleDataTransport.framework; sourceTree = "<group>"; };
		E1793949261F355C001E4E39 /* FirebaseInstallations.framework */ = {isa = PBXFileReference; lastKnownFileType = wrapper.framework; name = FirebaseInstallations.framework; path = ../../src/OrderScrapper/Carthage/Build/iOS/FirebaseInstallations.framework; sourceTree = "<group>"; };
		E179394A261F355C001E4E39 /* Firebase.framework */ = {isa = PBXFileReference; lastKnownFileType = wrapper.framework; name = Firebase.framework; path = ../../src/OrderScrapper/Carthage/Build/iOS/Firebase.framework; sourceTree = "<group>"; };
		E179394B261F355C001E4E39 /* FirebaseAnalytics.framework */ = {isa = PBXFileReference; lastKnownFileType = wrapper.framework; name = FirebaseAnalytics.framework; path = ../../src/OrderScrapper/Carthage/Build/iOS/FirebaseAnalytics.framework; sourceTree = "<group>"; };
		E179394C261F355C001E4E39 /* GoogleAppMeasurement.framework */ = {isa = PBXFileReference; lastKnownFileType = wrapper.framework; name = GoogleAppMeasurement.framework; path = ../../src/OrderScrapper/Carthage/Build/iOS/GoogleAppMeasurement.framework; sourceTree = "<group>"; };
		E179394D261F355C001E4E39 /* nanopb.framework */ = {isa = PBXFileReference; lastKnownFileType = wrapper.framework; name = nanopb.framework; path = ../../src/OrderScrapper/Carthage/Build/iOS/nanopb.framework; sourceTree = "<group>"; };
		E179394E261F355D001E4E39 /* PromisesObjC.framework */ = {isa = PBXFileReference; lastKnownFileType = wrapper.framework; name = PromisesObjC.framework; path = ../../src/OrderScrapper/Carthage/Build/iOS/PromisesObjC.framework; sourceTree = "<group>"; };
		E179394F261F355D001E4E39 /* FirebaseCore.framework */ = {isa = PBXFileReference; lastKnownFileType = wrapper.framework; name = FirebaseCore.framework; path = ../../src/OrderScrapper/Carthage/Build/iOS/FirebaseCore.framework; sourceTree = "<group>"; };
		E179395D261F36E7001E4E39 /* GoogleService-Info.plist */ = {isa = PBXFileReference; fileEncoding = 4; lastKnownFileType = text.plist.xml; path = "GoogleService-Info.plist"; sourceTree = "<group>"; };
		E19D4CB12608A1D0002C16A7 /* AccountsViewController.swift */ = {isa = PBXFileReference; lastKnownFileType = sourcecode.swift; path = AccountsViewController.swift; sourceTree = "<group>"; };
		E1E8CFCC25FA2EF20064A55F /* Assets.xcassets */ = {isa = PBXFileReference; lastKnownFileType = folder.assetcatalog; path = Assets.xcassets; sourceTree = "<group>"; };
		E1EDF11A2615A28700752507 /* Alamofire.xcframework */ = {isa = PBXFileReference; lastKnownFileType = wrapper.xcframework; name = Alamofire.xcframework; path = ../../src/OrderScrapper/Carthage/Build/Alamofire.xcframework; sourceTree = "<group>"; };
		E1EDF11B2615A28700752507 /* CSV.xcframework */ = {isa = PBXFileReference; lastKnownFileType = wrapper.xcframework; name = CSV.xcframework; path = ../../src/OrderScrapper/Carthage/Build/CSV.xcframework; sourceTree = "<group>"; };
		E1EDF11C2615A28700752507 /* RNCryptor.xcframework */ = {isa = PBXFileReference; lastKnownFileType = wrapper.xcframework; name = RNCryptor.xcframework; path = ../../src/OrderScrapper/Carthage/Build/RNCryptor.xcframework; sourceTree = "<group>"; };
/* End PBXFileReference section */

/* Begin PBXFrameworksBuildPhase section */
		1CBF6CF325F5FE6F001A801B /* Frameworks */ = {
			isa = PBXFrameworksBuildPhase;
			buildActionMask = 2147483647;
			files = (
				E1793950261F355D001E4E39 /* FIRAnalyticsConnector.framework in Frameworks */,
				E1793951261F355D001E4E39 /* GoogleUtilities.framework in Frameworks */,
				E1793952261F355D001E4E39 /* FirebaseCoreDiagnostics.framework in Frameworks */,
				E1793953261F355D001E4E39 /* GoogleDataTransport.framework in Frameworks */,
				E1793954261F355D001E4E39 /* FirebaseInstallations.framework in Frameworks */,
				E1793955261F355D001E4E39 /* Firebase.framework in Frameworks */,
				E1793956261F355D001E4E39 /* FirebaseAnalytics.framework in Frameworks */,
				E1793957261F355D001E4E39 /* GoogleAppMeasurement.framework in Frameworks */,
				E1793958261F355D001E4E39 /* nanopb.framework in Frameworks */,
				E1793959261F355D001E4E39 /* PromisesObjC.framework in Frameworks */,
				E179395A261F355D001E4E39 /* FirebaseCore.framework in Frameworks */,
				E1EDF12D2615A65000752507 /* Alamofire.xcframework in Frameworks */,
				E15343BB26138B270074F3ED /* OrderScrapper.framework in Frameworks */,
				E1EDF12F2615A65000752507 /* CSV.xcframework in Frameworks */,
				E1EDF1312615A65000752507 /* RNCryptor.xcframework in Frameworks */,
			);
			runOnlyForDeploymentPostprocessing = 0;
		};
		1CBF6D0C25F5FE71001A801B /* Frameworks */ = {
			isa = PBXFrameworksBuildPhase;
			buildActionMask = 2147483647;
			files = (
			);
			runOnlyForDeploymentPostprocessing = 0;
		};
		1CBF6D1725F5FE71001A801B /* Frameworks */ = {
			isa = PBXFrameworksBuildPhase;
			buildActionMask = 2147483647;
			files = (
			);
			runOnlyForDeploymentPostprocessing = 0;
		};
/* End PBXFrameworksBuildPhase section */

/* Begin PBXGroup section */
		1C1B207826121B0200214946 /* Network */ = {
			isa = PBXGroup;
			children = (
				1C1B207A26121B2100214946 /* Response */,
				1C1B207926121B0E00214946 /* Services */,
			);
			path = Network;
			sourceTree = "<group>";
		};
		1C1B207926121B0E00214946 /* Services */ = {
			isa = PBXGroup;
			children = (
				1C1B207B26121BA700214946 /* APIService.swift */,
			);
			path = Services;
			sourceTree = "<group>";
		};
		1C1B207A26121B2100214946 /* Response */ = {
			isa = PBXGroup;
			children = (
				1C1B20812612207100214946 /* LoginResponse.swift */,
			);
			path = Response;
			sourceTree = "<group>";
		};
		1C1B209326122C3400214946 /* Constant */ = {
			isa = PBXGroup;
			children = (
				1C1B209426122C4200214946 /* AppConstant.swift */,
			);
			path = Constant;
			sourceTree = "<group>";
		};
		1C1B209C26122D9600214946 /* Extension */ = {
			isa = PBXGroup;
			children = (
				1C1B209D26122DBD00214946 /* String.swift */,
			);
			path = Extension;
			sourceTree = "<group>";
		};
		1CBF6CED25F5FE6F001A801B = {
			isa = PBXGroup;
			children = (
				E179395D261F36E7001E4E39 /* GoogleService-Info.plist */,
				1CBF6CF825F5FE6F001A801B /* AmazonOrderScrapper */,
				1CBF6D1225F5FE71001A801B /* AmazonOrderScrapperTests */,
				1CBF6D1D25F5FE71001A801B /* AmazonOrderScrapperUITests */,
				1CBF6CF725F5FE6F001A801B /* Products */,
				E1052A2D25F7A22500B67F90 /* Frameworks */,
			);
			sourceTree = "<group>";
		};
		1CBF6CF725F5FE6F001A801B /* Products */ = {
			isa = PBXGroup;
			children = (
				1CBF6CF625F5FE6F001A801B /* ReceiptStraw-Dev.app */,
				1CBF6D0F25F5FE71001A801B /* AmazonOrderScrapperTests.xctest */,
				1CBF6D1A25F5FE71001A801B /* AmazonOrderScrapperUITests.xctest */,
			);
			name = Products;
			sourceTree = "<group>";
		};
		1CBF6CF825F5FE6F001A801B /* AmazonOrderScrapper */ = {
			isa = PBXGroup;
			children = (
				1C1B209C26122D9600214946 /* Extension */,
				1C1B209326122C3400214946 /* Constant */,
				1C1B207826121B0200214946 /* Network */,
				E1E8CFCC25FA2EF20064A55F /* Assets.xcassets */,
				1CBF6CF925F5FE6F001A801B /* AppDelegate.swift */,
				1CBF6CFB25F5FE6F001A801B /* SceneDelegate.swift */,
				1CBF6CFD25F5FE6F001A801B /* ViewController.swift */,
				1CBF6CFF25F5FE6F001A801B /* Main.storyboard */,
				1CBF6D0725F5FE70001A801B /* LaunchScreen.storyboard */,
				1CBF6D0A25F5FE70001A801B /* Info.plist */,
				1CBF6D0225F5FE6F001A801B /* AmazonOrderScrapper.xcdatamodeld */,
				1CE8506F25F7B646000A7158 /* ContentView.swift */,
				E19D4CB12608A1D0002C16A7 /* AccountsViewController.swift */,
				1C1B208F26122BB700214946 /* Util.swift */,
				1C59ED0126135731004ACE38 /* ValidationUtil.swift */,
			);
			path = AmazonOrderScrapper;
			sourceTree = "<group>";
		};
		1CBF6D1225F5FE71001A801B /* AmazonOrderScrapperTests */ = {
			isa = PBXGroup;
			children = (
				1CBF6D1325F5FE71001A801B /* AmazonOrderScrapperTests.swift */,
				1CBF6D1525F5FE71001A801B /* Info.plist */,
			);
			path = AmazonOrderScrapperTests;
			sourceTree = "<group>";
		};
		1CBF6D1D25F5FE71001A801B /* AmazonOrderScrapperUITests */ = {
			isa = PBXGroup;
			children = (
				1CBF6D1E25F5FE71001A801B /* AmazonOrderScrapperUITests.swift */,
				1CBF6D2025F5FE71001A801B /* Info.plist */,
			);
			path = AmazonOrderScrapperUITests;
			sourceTree = "<group>";
		};
		E1052A2D25F7A22500B67F90 /* Frameworks */ = {
			isa = PBXGroup;
			children = (
				E1793945261F355C001E4E39 /* FIRAnalyticsConnector.framework */,
				E179394A261F355C001E4E39 /* Firebase.framework */,
				E179394B261F355C001E4E39 /* FirebaseAnalytics.framework */,
				E179394F261F355D001E4E39 /* FirebaseCore.framework */,
				E1793947261F355C001E4E39 /* FirebaseCoreDiagnostics.framework */,
				E1793949261F355C001E4E39 /* FirebaseInstallations.framework */,
				E179394C261F355C001E4E39 /* GoogleAppMeasurement.framework */,
				E1793948261F355C001E4E39 /* GoogleDataTransport.framework */,
				E1793946261F355C001E4E39 /* GoogleUtilities.framework */,
				E179394D261F355C001E4E39 /* nanopb.framework */,
				E179394E261F355D001E4E39 /* PromisesObjC.framework */,
				E1EDF11A2615A28700752507 /* Alamofire.xcframework */,
				E1EDF11B2615A28700752507 /* CSV.xcframework */,
				E1EDF11C2615A28700752507 /* RNCryptor.xcframework */,
				E15343B2261386ED0074F3ED /* OrderScrapper.framework */,
			);
			name = Frameworks;
			sourceTree = "<group>";
		};
/* End PBXGroup section */

/* Begin PBXNativeTarget section */
		1CBF6CF525F5FE6F001A801B /* AmazonOrderScrapper */ = {
			isa = PBXNativeTarget;
			buildConfigurationList = 1CBF6D2325F5FE71001A801B /* Build configuration list for PBXNativeTarget "AmazonOrderScrapper" */;
			buildPhases = (
				1CBF6CF225F5FE6F001A801B /* Sources */,
				1CBF6CF325F5FE6F001A801B /* Frameworks */,
				1CBF6CF425F5FE6F001A801B /* Resources */,
				1C5F680F26135CBB00CF2BDB /* Embed Frameworks */,
			);
			buildRules = (
			);
			dependencies = (
			);
			name = AmazonOrderScrapper;
			productName = AmazonOrderScrapper;
			productReference = 1CBF6CF625F5FE6F001A801B /* ReceiptStraw-Dev.app */;
			productType = "com.apple.product-type.application";
		};
		1CBF6D0E25F5FE71001A801B /* AmazonOrderScrapperTests */ = {
			isa = PBXNativeTarget;
			buildConfigurationList = 1CBF6D2625F5FE71001A801B /* Build configuration list for PBXNativeTarget "AmazonOrderScrapperTests" */;
			buildPhases = (
				1CBF6D0B25F5FE71001A801B /* Sources */,
				1CBF6D0C25F5FE71001A801B /* Frameworks */,
				1CBF6D0D25F5FE71001A801B /* Resources */,
			);
			buildRules = (
			);
			dependencies = (
				1CBF6D1125F5FE71001A801B /* PBXTargetDependency */,
			);
			name = AmazonOrderScrapperTests;
			productName = AmazonOrderScrapperTests;
			productReference = 1CBF6D0F25F5FE71001A801B /* AmazonOrderScrapperTests.xctest */;
			productType = "com.apple.product-type.bundle.unit-test";
		};
		1CBF6D1925F5FE71001A801B /* AmazonOrderScrapperUITests */ = {
			isa = PBXNativeTarget;
			buildConfigurationList = 1CBF6D2925F5FE71001A801B /* Build configuration list for PBXNativeTarget "AmazonOrderScrapperUITests" */;
			buildPhases = (
				1CBF6D1625F5FE71001A801B /* Sources */,
				1CBF6D1725F5FE71001A801B /* Frameworks */,
				1CBF6D1825F5FE71001A801B /* Resources */,
			);
			buildRules = (
			);
			dependencies = (
				1CBF6D1C25F5FE71001A801B /* PBXTargetDependency */,
			);
			name = AmazonOrderScrapperUITests;
			productName = AmazonOrderScrapperUITests;
			productReference = 1CBF6D1A25F5FE71001A801B /* AmazonOrderScrapperUITests.xctest */;
			productType = "com.apple.product-type.bundle.ui-testing";
		};
/* End PBXNativeTarget section */

/* Begin PBXProject section */
		1CBF6CEE25F5FE6F001A801B /* Project object */ = {
			isa = PBXProject;
			attributes = {
				LastSwiftUpdateCheck = 1240;
				LastUpgradeCheck = 1240;
				TargetAttributes = {
					1CBF6CF525F5FE6F001A801B = {
						CreatedOnToolsVersion = 12.4;
					};
					1CBF6D0E25F5FE71001A801B = {
						CreatedOnToolsVersion = 12.4;
						TestTargetID = 1CBF6CF525F5FE6F001A801B;
					};
					1CBF6D1925F5FE71001A801B = {
						CreatedOnToolsVersion = 12.4;
						TestTargetID = 1CBF6CF525F5FE6F001A801B;
					};
				};
			};
			buildConfigurationList = 1CBF6CF125F5FE6F001A801B /* Build configuration list for PBXProject "AmazonOrderScrapper" */;
			compatibilityVersion = "Xcode 9.3";
			developmentRegion = en;
			hasScannedForEncodings = 0;
			knownRegions = (
				en,
				Base,
			);
			mainGroup = 1CBF6CED25F5FE6F001A801B;
			productRefGroup = 1CBF6CF725F5FE6F001A801B /* Products */;
			projectDirPath = "";
			projectRoot = "";
			targets = (
				1CBF6CF525F5FE6F001A801B /* AmazonOrderScrapper */,
				1CBF6D0E25F5FE71001A801B /* AmazonOrderScrapperTests */,
				1CBF6D1925F5FE71001A801B /* AmazonOrderScrapperUITests */,
			);
		};
/* End PBXProject section */

/* Begin PBXResourcesBuildPhase section */
		1CBF6CF425F5FE6F001A801B /* Resources */ = {
			isa = PBXResourcesBuildPhase;
			buildActionMask = 2147483647;
			files = (
				1CBF6D0925F5FE70001A801B /* LaunchScreen.storyboard in Resources */,
				E179395E261F36E7001E4E39 /* GoogleService-Info.plist in Resources */,
				E1E8CFCD25FA2EF20064A55F /* Assets.xcassets in Resources */,
				1CBF6D0125F5FE6F001A801B /* Main.storyboard in Resources */,
			);
			runOnlyForDeploymentPostprocessing = 0;
		};
		1CBF6D0D25F5FE71001A801B /* Resources */ = {
			isa = PBXResourcesBuildPhase;
			buildActionMask = 2147483647;
			files = (
			);
			runOnlyForDeploymentPostprocessing = 0;
		};
		1CBF6D1825F5FE71001A801B /* Resources */ = {
			isa = PBXResourcesBuildPhase;
			buildActionMask = 2147483647;
			files = (
			);
			runOnlyForDeploymentPostprocessing = 0;
		};
/* End PBXResourcesBuildPhase section */

/* Begin PBXSourcesBuildPhase section */
		1CBF6CF225F5FE6F001A801B /* Sources */ = {
			isa = PBXSourcesBuildPhase;
			buildActionMask = 2147483647;
			files = (
				1CBF6D0425F5FE6F001A801B /* AmazonOrderScrapper.xcdatamodeld in Sources */,
				1C1B207C26121BA700214946 /* APIService.swift in Sources */,
				1CE8507025F7B646000A7158 /* ContentView.swift in Sources */,
				1C1B209E26122DBD00214946 /* String.swift in Sources */,
				1C59ED0226135731004ACE38 /* ValidationUtil.swift in Sources */,
				1CBF6CFE25F5FE6F001A801B /* ViewController.swift in Sources */,
				1CBF6CFA25F5FE6F001A801B /* AppDelegate.swift in Sources */,
				1C1B209026122BB700214946 /* Util.swift in Sources */,
				E19D4CB22608A1D0002C16A7 /* AccountsViewController.swift in Sources */,
				1C1B20822612207100214946 /* LoginResponse.swift in Sources */,
				1C1B209526122C4200214946 /* AppConstant.swift in Sources */,
				1CBF6CFC25F5FE6F001A801B /* SceneDelegate.swift in Sources */,
			);
			runOnlyForDeploymentPostprocessing = 0;
		};
		1CBF6D0B25F5FE71001A801B /* Sources */ = {
			isa = PBXSourcesBuildPhase;
			buildActionMask = 2147483647;
			files = (
				1CBF6D1425F5FE71001A801B /* AmazonOrderScrapperTests.swift in Sources */,
			);
			runOnlyForDeploymentPostprocessing = 0;
		};
		1CBF6D1625F5FE71001A801B /* Sources */ = {
			isa = PBXSourcesBuildPhase;
			buildActionMask = 2147483647;
			files = (
				1CBF6D1F25F5FE71001A801B /* AmazonOrderScrapperUITests.swift in Sources */,
			);
			runOnlyForDeploymentPostprocessing = 0;
		};
/* End PBXSourcesBuildPhase section */

/* Begin PBXTargetDependency section */
		1CBF6D1125F5FE71001A801B /* PBXTargetDependency */ = {
			isa = PBXTargetDependency;
			target = 1CBF6CF525F5FE6F001A801B /* AmazonOrderScrapper */;
			targetProxy = 1CBF6D1025F5FE71001A801B /* PBXContainerItemProxy */;
		};
		1CBF6D1C25F5FE71001A801B /* PBXTargetDependency */ = {
			isa = PBXTargetDependency;
			target = 1CBF6CF525F5FE6F001A801B /* AmazonOrderScrapper */;
			targetProxy = 1CBF6D1B25F5FE71001A801B /* PBXContainerItemProxy */;
		};
/* End PBXTargetDependency section */

/* Begin PBXVariantGroup section */
		1CBF6CFF25F5FE6F001A801B /* Main.storyboard */ = {
			isa = PBXVariantGroup;
			children = (
				1CBF6D0025F5FE6F001A801B /* Base */,
			);
			name = Main.storyboard;
			sourceTree = "<group>";
		};
		1CBF6D0725F5FE70001A801B /* LaunchScreen.storyboard */ = {
			isa = PBXVariantGroup;
			children = (
				1CBF6D0825F5FE70001A801B /* Base */,
			);
			name = LaunchScreen.storyboard;
			sourceTree = "<group>";
		};
/* End PBXVariantGroup section */

/* Begin XCBuildConfiguration section */
		9D78F423265E15D300EF03C3 /* Release copy */ = {
			isa = XCBuildConfiguration;
			buildSettings = {
				ALWAYS_SEARCH_USER_PATHS = NO;
				CLANG_ANALYZER_NONNULL = YES;
				CLANG_ANALYZER_NUMBER_OBJECT_CONVERSION = YES_AGGRESSIVE;
				CLANG_CXX_LANGUAGE_STANDARD = "gnu++14";
				CLANG_CXX_LIBRARY = "libc++";
				CLANG_ENABLE_MODULES = YES;
				CLANG_ENABLE_OBJC_ARC = YES;
				CLANG_ENABLE_OBJC_WEAK = YES;
				CLANG_WARN_BLOCK_CAPTURE_AUTORELEASING = YES;
				CLANG_WARN_BOOL_CONVERSION = YES;
				CLANG_WARN_COMMA = YES;
				CLANG_WARN_CONSTANT_CONVERSION = YES;
				CLANG_WARN_DEPRECATED_OBJC_IMPLEMENTATIONS = YES;
				CLANG_WARN_DIRECT_OBJC_ISA_USAGE = YES_ERROR;
				CLANG_WARN_DOCUMENTATION_COMMENTS = YES;
				CLANG_WARN_EMPTY_BODY = YES;
				CLANG_WARN_ENUM_CONVERSION = YES;
				CLANG_WARN_INFINITE_RECURSION = YES;
				CLANG_WARN_INT_CONVERSION = YES;
				CLANG_WARN_NON_LITERAL_NULL_CONVERSION = YES;
				CLANG_WARN_OBJC_IMPLICIT_RETAIN_SELF = YES;
				CLANG_WARN_OBJC_LITERAL_CONVERSION = YES;
				CLANG_WARN_OBJC_ROOT_CLASS = YES_ERROR;
				CLANG_WARN_QUOTED_INCLUDE_IN_FRAMEWORK_HEADER = YES;
				CLANG_WARN_RANGE_LOOP_ANALYSIS = YES;
				CLANG_WARN_STRICT_PROTOTYPES = YES;
				CLANG_WARN_SUSPICIOUS_MOVE = YES;
				CLANG_WARN_UNGUARDED_AVAILABILITY = YES_AGGRESSIVE;
				CLANG_WARN_UNREACHABLE_CODE = YES;
				CLANG_WARN__DUPLICATE_METHOD_MATCH = YES;
				CODE_SIGN_STYLE = Manual;
				COPY_PHASE_STRIP = NO;
				DEBUG_INFORMATION_FORMAT = "dwarf-with-dsym";
				DEVELOPMENT_TEAM = VDW9VXMJBR;
				ENABLE_NS_ASSERTIONS = NO;
				ENABLE_STRICT_OBJC_MSGSEND = YES;
				"EXCLUDED_ARCHS[sdk=iphonesimulator*]" = arm64;
				GCC_C_LANGUAGE_STANDARD = gnu11;
				GCC_NO_COMMON_BLOCKS = YES;
				GCC_WARN_64_TO_32_BIT_CONVERSION = YES;
				GCC_WARN_ABOUT_RETURN_TYPE = YES_ERROR;
				GCC_WARN_UNDECLARED_SELECTOR = YES;
				GCC_WARN_UNINITIALIZED_AUTOS = YES_AGGRESSIVE;
				GCC_WARN_UNUSED_FUNCTION = YES;
				GCC_WARN_UNUSED_VARIABLE = YES;
				IPHONEOS_DEPLOYMENT_TARGET = 13.0;
				MTL_ENABLE_DEBUG_INFO = NO;
				MTL_FAST_MATH = YES;
				SDKROOT = iphoneos;
				SWIFT_COMPILATION_MODE = wholemodule;
				SWIFT_OPTIMIZATION_LEVEL = "-O";
				VALIDATE_PRODUCT = YES;
			};
			name = "Release copy";
		};
		9D78F424265E15D300EF03C3 /* Release copy */ = {
			isa = XCBuildConfiguration;
			buildSettings = {
				ASSETCATALOG_COMPILER_APPICON_NAME = AppIcon;
				ASSETCATALOG_COMPILER_GLOBAL_ACCENT_COLOR_NAME = AccentColor;
				CODE_SIGN_IDENTITY = "iPhone Developer";
				CODE_SIGN_STYLE = Manual;
				CURRENT_PROJECT_VERSION = 23;
				DEVELOPMENT_TEAM = VDW9VXMJBR;
				ENABLE_BITCODE = NO;
				FRAMEWORK_SEARCH_PATHS = (
					"$(inherited)",
					"$(PROJECT_DIR)",
					"$(PROJECT_DIR)/../../bin",
					"$(PROJECT_DIR)/../../src/OrderScrapper/Carthage/Build",
					"$(PROJECT_DIR)/../../src/OrderScrapper/Carthage/Build/iOS",
				);
				INFOPLIST_FILE = AmazonOrderScrapper/Info.plist;
				IPHONEOS_DEPLOYMENT_TARGET = 13.0;
				LD_RUNPATH_SEARCH_PATHS = (
					"$(inherited)",
					"@executable_path/Frameworks",
				);
				MACH_O_TYPE = mh_execute;
				MARKETING_VERSION = 0.2.7;
				OTHER_LDFLAGS = "-ObjC";
				PRODUCT_BUNDLE_IDENTIFIER = ai.blackstraw.receiptstraw.dev;
				PRODUCT_NAME = "ReceiptStraw-Dev";
				PROVISIONING_PROFILE_SPECIFIER = receiptstraw_dev_profile;
				SDK_BASE_ENDPOINT = "";
				SWIFT_VERSION = 5.0;
				TARGETED_DEVICE_FAMILY = "1,2";
				VALIDATE_WORKSPACE = YES;
			};
			name = "Release copy";
		};
		9D78F425265E15D300EF03C3 /* Release copy */ = {
			isa = XCBuildConfiguration;
			buildSettings = {
				ALWAYS_EMBED_SWIFT_STANDARD_LIBRARIES = YES;
				BUNDLE_LOADER = "$(TEST_HOST)";
				CODE_SIGN_STYLE = Automatic;
				INFOPLIST_FILE = AmazonOrderScrapperTests/Info.plist;
				IPHONEOS_DEPLOYMENT_TARGET = 14.4;
				LD_RUNPATH_SEARCH_PATHS = (
					"$(inherited)",
					"@executable_path/Frameworks",
					"@loader_path/Frameworks",
				);
				PRODUCT_BUNDLE_IDENTIFIER = ai.blackstraw.amazonorderscrapper.AmazonOrderScrapperTests;
				PRODUCT_NAME = "$(TARGET_NAME)";
				SWIFT_VERSION = 5.0;
				TARGETED_DEVICE_FAMILY = "1,2";
				TEST_HOST = "$(BUILT_PRODUCTS_DIR)/AmazonOrderScrapper.app/AmazonOrderScrapper";
			};
			name = "Release copy";
		};
		9D78F426265E15D300EF03C3 /* Release copy */ = {
			isa = XCBuildConfiguration;
			buildSettings = {
				ALWAYS_EMBED_SWIFT_STANDARD_LIBRARIES = YES;
				CODE_SIGN_STYLE = Automatic;
				INFOPLIST_FILE = AmazonOrderScrapperUITests/Info.plist;
				LD_RUNPATH_SEARCH_PATHS = (
					"$(inherited)",
					"@executable_path/Frameworks",
					"@loader_path/Frameworks",
				);
				PRODUCT_BUNDLE_IDENTIFIER = ai.blackstraw.amazonorderscrapper.AmazonOrderScrapperUITests;
				PRODUCT_NAME = "$(TARGET_NAME)";
				SWIFT_VERSION = 5.0;
				TARGETED_DEVICE_FAMILY = "1,2";
				TEST_TARGET_NAME = AmazonOrderScrapper;
			};
			name = "Release copy";
		};
		9D8D93AC265D3F440069261C /* Dev */ = {
			isa = XCBuildConfiguration;
			buildSettings = {
				ALWAYS_SEARCH_USER_PATHS = NO;
				CLANG_ANALYZER_NONNULL = YES;
				CLANG_ANALYZER_NUMBER_OBJECT_CONVERSION = YES_AGGRESSIVE;
				CLANG_CXX_LANGUAGE_STANDARD = "gnu++14";
				CLANG_CXX_LIBRARY = "libc++";
				CLANG_ENABLE_MODULES = YES;
				CLANG_ENABLE_OBJC_ARC = YES;
				CLANG_ENABLE_OBJC_WEAK = YES;
				CLANG_WARN_BLOCK_CAPTURE_AUTORELEASING = YES;
				CLANG_WARN_BOOL_CONVERSION = YES;
				CLANG_WARN_COMMA = YES;
				CLANG_WARN_CONSTANT_CONVERSION = YES;
				CLANG_WARN_DEPRECATED_OBJC_IMPLEMENTATIONS = YES;
				CLANG_WARN_DIRECT_OBJC_ISA_USAGE = YES_ERROR;
				CLANG_WARN_DOCUMENTATION_COMMENTS = YES;
				CLANG_WARN_EMPTY_BODY = YES;
				CLANG_WARN_ENUM_CONVERSION = YES;
				CLANG_WARN_INFINITE_RECURSION = YES;
				CLANG_WARN_INT_CONVERSION = YES;
				CLANG_WARN_NON_LITERAL_NULL_CONVERSION = YES;
				CLANG_WARN_OBJC_IMPLICIT_RETAIN_SELF = YES;
				CLANG_WARN_OBJC_LITERAL_CONVERSION = YES;
				CLANG_WARN_OBJC_ROOT_CLASS = YES_ERROR;
				CLANG_WARN_QUOTED_INCLUDE_IN_FRAMEWORK_HEADER = YES;
				CLANG_WARN_RANGE_LOOP_ANALYSIS = YES;
				CLANG_WARN_STRICT_PROTOTYPES = YES;
				CLANG_WARN_SUSPICIOUS_MOVE = YES;
				CLANG_WARN_UNGUARDED_AVAILABILITY = YES_AGGRESSIVE;
				CLANG_WARN_UNREACHABLE_CODE = YES;
				CLANG_WARN__DUPLICATE_METHOD_MATCH = YES;
				CODE_SIGN_STYLE = Manual;
				COPY_PHASE_STRIP = NO;
				DEBUG_INFORMATION_FORMAT = dwarf;
				DEVELOPMENT_TEAM = VDW9VXMJBR;
				ENABLE_STRICT_OBJC_MSGSEND = YES;
				ENABLE_TESTABILITY = YES;
				"EXCLUDED_ARCHS[sdk=iphonesimulator*]" = arm64;
				GCC_C_LANGUAGE_STANDARD = gnu11;
				GCC_DYNAMIC_NO_PIC = NO;
				GCC_NO_COMMON_BLOCKS = YES;
				GCC_OPTIMIZATION_LEVEL = 0;
				GCC_PREPROCESSOR_DEFINITIONS = (
					"DEBUG=1",
					"$(inherited)",
				);
				GCC_WARN_64_TO_32_BIT_CONVERSION = YES;
				GCC_WARN_ABOUT_RETURN_TYPE = YES_ERROR;
				GCC_WARN_UNDECLARED_SELECTOR = YES;
				GCC_WARN_UNINITIALIZED_AUTOS = YES_AGGRESSIVE;
				GCC_WARN_UNUSED_FUNCTION = YES;
				GCC_WARN_UNUSED_VARIABLE = YES;
				IPHONEOS_DEPLOYMENT_TARGET = 13.0;
				MTL_ENABLE_DEBUG_INFO = INCLUDE_SOURCE;
				MTL_FAST_MATH = YES;
				ONLY_ACTIVE_ARCH = YES;
				SDKROOT = iphoneos;
				SWIFT_ACTIVE_COMPILATION_CONDITIONS = DEBUG;
				SWIFT_OPTIMIZATION_LEVEL = "-Onone";
			};
			name = Dev;
		};
		9D8D93AD265D3F440069261C /* Dev */ = {
			isa = XCBuildConfiguration;
			buildSettings = {
				ASSETCATALOG_COMPILER_APPICON_NAME = AppIcon;
				ASSETCATALOG_COMPILER_GLOBAL_ACCENT_COLOR_NAME = AccentColor;
				CODE_SIGN_IDENTITY = "iPhone Developer";
				CODE_SIGN_STYLE = Manual;
				CURRENT_PROJECT_VERSION = 23;
				DEVELOPMENT_TEAM = VDW9VXMJBR;
				ENABLE_BITCODE = NO;
				EXCLUDED_ARCHS = "";
				FRAMEWORK_SEARCH_PATHS = (
					"$(inherited)",
					"$(PROJECT_DIR)",
					"$(PROJECT_DIR)/../../bin",
					"$(PROJECT_DIR)/../../src/OrderScrapper/Carthage/Build",
					"$(PROJECT_DIR)/../../src/OrderScrapper/Carthage/Build/iOS",
				);
				INFOPLIST_FILE = AmazonOrderScrapper/Info.plist;
				IPHONEOS_DEPLOYMENT_TARGET = 13.0;
				LD_RUNPATH_SEARCH_PATHS = (
					"$(inherited)",
					"@executable_path/Frameworks",
				);
				MACH_O_TYPE = mh_execute;
				MARKETING_VERSION = 0.2.7;
				ONLY_ACTIVE_ARCH = YES;
				OTHER_LDFLAGS = "-ObjC";
				PRODUCT_BUNDLE_IDENTIFIER = ai.blackstraw.receiptstraw.dev;
				PRODUCT_NAME = "ReceiptStraw-Dev";
				PROVISIONING_PROFILE_SPECIFIER = receiptstraw_dev_profile;
				SDK_BASE_ENDPOINT = "https://dev-order-scraping.blackstrawlab.com/";
				SWIFT_VERSION = 5.0;
				TARGETED_DEVICE_FAMILY = "1,2";
				VALIDATE_WORKSPACE = YES;
			};
			name = Dev;
		};
		9D8D93AE265D3F440069261C /* Dev */ = {
			isa = XCBuildConfiguration;
			buildSettings = {
				ALWAYS_EMBED_SWIFT_STANDARD_LIBRARIES = YES;
				BUNDLE_LOADER = "$(TEST_HOST)";
				CODE_SIGN_STYLE = Automatic;
				INFOPLIST_FILE = AmazonOrderScrapperTests/Info.plist;
				IPHONEOS_DEPLOYMENT_TARGET = 14.4;
				LD_RUNPATH_SEARCH_PATHS = (
					"$(inherited)",
					"@executable_path/Frameworks",
					"@loader_path/Frameworks",
				);
				PRODUCT_BUNDLE_IDENTIFIER = ai.blackstraw.amazonorderscrapper.AmazonOrderScrapperTests;
				PRODUCT_NAME = "$(TARGET_NAME)";
				SWIFT_VERSION = 5.0;
				TARGETED_DEVICE_FAMILY = "1,2";
				TEST_HOST = "$(BUILT_PRODUCTS_DIR)/AmazonOrderScrapper.app/AmazonOrderScrapper";
			};
			name = Dev;
		};
		9D8D93AF265D3F440069261C /* Dev */ = {
			isa = XCBuildConfiguration;
			buildSettings = {
				ALWAYS_EMBED_SWIFT_STANDARD_LIBRARIES = YES;
				CODE_SIGN_STYLE = Automatic;
				INFOPLIST_FILE = AmazonOrderScrapperUITests/Info.plist;
				LD_RUNPATH_SEARCH_PATHS = (
					"$(inherited)",
					"@executable_path/Frameworks",
					"@loader_path/Frameworks",
				);
				PRODUCT_BUNDLE_IDENTIFIER = ai.blackstraw.amazonorderscrapper.AmazonOrderScrapperUITests;
				PRODUCT_NAME = "$(TARGET_NAME)";
				SWIFT_VERSION = 5.0;
				TARGETED_DEVICE_FAMILY = "1,2";
				TEST_TARGET_NAME = AmazonOrderScrapper;
			};
			name = Dev;
		};
		9D8D93B0265D3F510069261C /* QA */ = {
			isa = XCBuildConfiguration;
			buildSettings = {
				ALWAYS_SEARCH_USER_PATHS = NO;
				CLANG_ANALYZER_NONNULL = YES;
				CLANG_ANALYZER_NUMBER_OBJECT_CONVERSION = YES_AGGRESSIVE;
				CLANG_CXX_LANGUAGE_STANDARD = "gnu++14";
				CLANG_CXX_LIBRARY = "libc++";
				CLANG_ENABLE_MODULES = YES;
				CLANG_ENABLE_OBJC_ARC = YES;
				CLANG_ENABLE_OBJC_WEAK = YES;
				CLANG_WARN_BLOCK_CAPTURE_AUTORELEASING = YES;
				CLANG_WARN_BOOL_CONVERSION = YES;
				CLANG_WARN_COMMA = YES;
				CLANG_WARN_CONSTANT_CONVERSION = YES;
				CLANG_WARN_DEPRECATED_OBJC_IMPLEMENTATIONS = YES;
				CLANG_WARN_DIRECT_OBJC_ISA_USAGE = YES_ERROR;
				CLANG_WARN_DOCUMENTATION_COMMENTS = YES;
				CLANG_WARN_EMPTY_BODY = YES;
				CLANG_WARN_ENUM_CONVERSION = YES;
				CLANG_WARN_INFINITE_RECURSION = YES;
				CLANG_WARN_INT_CONVERSION = YES;
				CLANG_WARN_NON_LITERAL_NULL_CONVERSION = YES;
				CLANG_WARN_OBJC_IMPLICIT_RETAIN_SELF = YES;
				CLANG_WARN_OBJC_LITERAL_CONVERSION = YES;
				CLANG_WARN_OBJC_ROOT_CLASS = YES_ERROR;
				CLANG_WARN_QUOTED_INCLUDE_IN_FRAMEWORK_HEADER = YES;
				CLANG_WARN_RANGE_LOOP_ANALYSIS = YES;
				CLANG_WARN_STRICT_PROTOTYPES = YES;
				CLANG_WARN_SUSPICIOUS_MOVE = YES;
				CLANG_WARN_UNGUARDED_AVAILABILITY = YES_AGGRESSIVE;
				CLANG_WARN_UNREACHABLE_CODE = YES;
				CLANG_WARN__DUPLICATE_METHOD_MATCH = YES;
				CODE_SIGN_STYLE = Manual;
				COPY_PHASE_STRIP = NO;
				DEBUG_INFORMATION_FORMAT = dwarf;
				DEVELOPMENT_TEAM = VDW9VXMJBR;
				ENABLE_STRICT_OBJC_MSGSEND = YES;
				ENABLE_TESTABILITY = YES;
				"EXCLUDED_ARCHS[sdk=iphonesimulator*]" = arm64;
				GCC_C_LANGUAGE_STANDARD = gnu11;
				GCC_DYNAMIC_NO_PIC = NO;
				GCC_NO_COMMON_BLOCKS = YES;
				GCC_OPTIMIZATION_LEVEL = 0;
				GCC_PREPROCESSOR_DEFINITIONS = (
					"DEBUG=1",
					"$(inherited)",
				);
				GCC_WARN_64_TO_32_BIT_CONVERSION = YES;
				GCC_WARN_ABOUT_RETURN_TYPE = YES_ERROR;
				GCC_WARN_UNDECLARED_SELECTOR = YES;
				GCC_WARN_UNINITIALIZED_AUTOS = YES_AGGRESSIVE;
				GCC_WARN_UNUSED_FUNCTION = YES;
				GCC_WARN_UNUSED_VARIABLE = YES;
				IPHONEOS_DEPLOYMENT_TARGET = 13.0;
				MTL_ENABLE_DEBUG_INFO = INCLUDE_SOURCE;
				MTL_FAST_MATH = YES;
				ONLY_ACTIVE_ARCH = YES;
				SDKROOT = iphoneos;
				SWIFT_ACTIVE_COMPILATION_CONDITIONS = DEBUG;
				SWIFT_OPTIMIZATION_LEVEL = "-Onone";
			};
			name = QA;
		};
		9D8D93B1265D3F510069261C /* QA */ = {
			isa = XCBuildConfiguration;
			buildSettings = {
				ASSETCATALOG_COMPILER_APPICON_NAME = AppIcon;
				ASSETCATALOG_COMPILER_GLOBAL_ACCENT_COLOR_NAME = AccentColor;
				CODE_SIGN_IDENTITY = "iPhone Developer";
				CODE_SIGN_STYLE = Manual;
				CURRENT_PROJECT_VERSION = 23;
				DEVELOPMENT_TEAM = VDW9VXMJBR;
				ENABLE_BITCODE = NO;
				EXCLUDED_ARCHS = "";
				FRAMEWORK_SEARCH_PATHS = (
					"$(inherited)",
					"$(PROJECT_DIR)",
					"$(PROJECT_DIR)/../../bin",
					"$(PROJECT_DIR)/../../src/OrderScrapper/Carthage/Build",
					"$(PROJECT_DIR)/../../src/OrderScrapper/Carthage/Build/iOS",
				);
				INFOPLIST_FILE = AmazonOrderScrapper/Info.plist;
				IPHONEOS_DEPLOYMENT_TARGET = 13.0;
				LD_RUNPATH_SEARCH_PATHS = (
					"$(inherited)",
					"@executable_path/Frameworks",
				);
				MACH_O_TYPE = mh_execute;
				MARKETING_VERSION = 0.2.7;
				ONLY_ACTIVE_ARCH = YES;
				OTHER_LDFLAGS = "-ObjC";
				PRODUCT_BUNDLE_IDENTIFIER = ai.blackstraw.receiptstraw.dev;
				PRODUCT_NAME = "ReceiptStraw-Dev";
				PROVISIONING_PROFILE_SPECIFIER = receiptstraw_dev_profile;
				SDK_BASE_ENDPOINT = "https://qa-order-scraping.blackstrawlab.com/";
				SWIFT_VERSION = 5.0;
				TARGETED_DEVICE_FAMILY = "1,2";
				VALIDATE_WORKSPACE = YES;
			};
			name = QA;
		};
		9D8D93B2265D3F510069261C /* QA */ = {
			isa = XCBuildConfiguration;
			buildSettings = {
				ALWAYS_EMBED_SWIFT_STANDARD_LIBRARIES = YES;
				BUNDLE_LOADER = "$(TEST_HOST)";
				CODE_SIGN_STYLE = Automatic;
				INFOPLIST_FILE = AmazonOrderScrapperTests/Info.plist;
				IPHONEOS_DEPLOYMENT_TARGET = 14.4;
				LD_RUNPATH_SEARCH_PATHS = (
					"$(inherited)",
					"@executable_path/Frameworks",
					"@loader_path/Frameworks",
				);
				PRODUCT_BUNDLE_IDENTIFIER = ai.blackstraw.amazonorderscrapper.AmazonOrderScrapperTests;
				PRODUCT_NAME = "$(TARGET_NAME)";
				SWIFT_VERSION = 5.0;
				TARGETED_DEVICE_FAMILY = "1,2";
				TEST_HOST = "$(BUILT_PRODUCTS_DIR)/AmazonOrderScrapper.app/AmazonOrderScrapper";
			};
			name = QA;
		};
		9D8D93B3265D3F510069261C /* QA */ = {
			isa = XCBuildConfiguration;
			buildSettings = {
				ALWAYS_EMBED_SWIFT_STANDARD_LIBRARIES = YES;
				CODE_SIGN_STYLE = Automatic;
				INFOPLIST_FILE = AmazonOrderScrapperUITests/Info.plist;
				LD_RUNPATH_SEARCH_PATHS = (
					"$(inherited)",
					"@executable_path/Frameworks",
					"@loader_path/Frameworks",
				);
				PRODUCT_BUNDLE_IDENTIFIER = ai.blackstraw.amazonorderscrapper.AmazonOrderScrapperUITests;
				PRODUCT_NAME = "$(TARGET_NAME)";
				SWIFT_VERSION = 5.0;
				TARGETED_DEVICE_FAMILY = "1,2";
				TEST_TARGET_NAME = AmazonOrderScrapper;
			};
			name = QA;
		};
		9D8D93B4265D3F570069261C /* Prod */ = {
			isa = XCBuildConfiguration;
			buildSettings = {
				ALWAYS_SEARCH_USER_PATHS = NO;
				CLANG_ANALYZER_NONNULL = YES;
				CLANG_ANALYZER_NUMBER_OBJECT_CONVERSION = YES_AGGRESSIVE;
				CLANG_CXX_LANGUAGE_STANDARD = "gnu++14";
				CLANG_CXX_LIBRARY = "libc++";
				CLANG_ENABLE_MODULES = YES;
				CLANG_ENABLE_OBJC_ARC = YES;
				CLANG_ENABLE_OBJC_WEAK = YES;
				CLANG_WARN_BLOCK_CAPTURE_AUTORELEASING = YES;
				CLANG_WARN_BOOL_CONVERSION = YES;
				CLANG_WARN_COMMA = YES;
				CLANG_WARN_CONSTANT_CONVERSION = YES;
				CLANG_WARN_DEPRECATED_OBJC_IMPLEMENTATIONS = YES;
				CLANG_WARN_DIRECT_OBJC_ISA_USAGE = YES_ERROR;
				CLANG_WARN_DOCUMENTATION_COMMENTS = YES;
				CLANG_WARN_EMPTY_BODY = YES;
				CLANG_WARN_ENUM_CONVERSION = YES;
				CLANG_WARN_INFINITE_RECURSION = YES;
				CLANG_WARN_INT_CONVERSION = YES;
				CLANG_WARN_NON_LITERAL_NULL_CONVERSION = YES;
				CLANG_WARN_OBJC_IMPLICIT_RETAIN_SELF = YES;
				CLANG_WARN_OBJC_LITERAL_CONVERSION = YES;
				CLANG_WARN_OBJC_ROOT_CLASS = YES_ERROR;
				CLANG_WARN_QUOTED_INCLUDE_IN_FRAMEWORK_HEADER = YES;
				CLANG_WARN_RANGE_LOOP_ANALYSIS = YES;
				CLANG_WARN_STRICT_PROTOTYPES = YES;
				CLANG_WARN_SUSPICIOUS_MOVE = YES;
				CLANG_WARN_UNGUARDED_AVAILABILITY = YES_AGGRESSIVE;
				CLANG_WARN_UNREACHABLE_CODE = YES;
				CLANG_WARN__DUPLICATE_METHOD_MATCH = YES;
				CODE_SIGN_STYLE = Manual;
				COPY_PHASE_STRIP = NO;
				DEBUG_INFORMATION_FORMAT = dwarf;
				DEVELOPMENT_TEAM = VDW9VXMJBR;
				ENABLE_STRICT_OBJC_MSGSEND = YES;
				ENABLE_TESTABILITY = YES;
				"EXCLUDED_ARCHS[sdk=iphonesimulator*]" = arm64;
				GCC_C_LANGUAGE_STANDARD = gnu11;
				GCC_DYNAMIC_NO_PIC = NO;
				GCC_NO_COMMON_BLOCKS = YES;
				GCC_OPTIMIZATION_LEVEL = 0;
				GCC_PREPROCESSOR_DEFINITIONS = (
					"DEBUG=1",
					"$(inherited)",
				);
				GCC_WARN_64_TO_32_BIT_CONVERSION = YES;
				GCC_WARN_ABOUT_RETURN_TYPE = YES_ERROR;
				GCC_WARN_UNDECLARED_SELECTOR = YES;
				GCC_WARN_UNINITIALIZED_AUTOS = YES_AGGRESSIVE;
				GCC_WARN_UNUSED_FUNCTION = YES;
				GCC_WARN_UNUSED_VARIABLE = YES;
				IPHONEOS_DEPLOYMENT_TARGET = 13.0;
				MTL_ENABLE_DEBUG_INFO = INCLUDE_SOURCE;
				MTL_FAST_MATH = YES;
				ONLY_ACTIVE_ARCH = YES;
				SDKROOT = iphoneos;
				SWIFT_ACTIVE_COMPILATION_CONDITIONS = DEBUG;
				SWIFT_OPTIMIZATION_LEVEL = "-Onone";
			};
			name = Prod;
		};
		9D8D93B5265D3F570069261C /* Prod */ = {
			isa = XCBuildConfiguration;
			buildSettings = {
				ASSETCATALOG_COMPILER_APPICON_NAME = AppIcon;
				ASSETCATALOG_COMPILER_GLOBAL_ACCENT_COLOR_NAME = AccentColor;
				CODE_SIGN_IDENTITY = "iPhone Developer";
				CODE_SIGN_STYLE = Manual;
				CURRENT_PROJECT_VERSION = 23;
				DEVELOPMENT_TEAM = VDW9VXMJBR;
				ENABLE_BITCODE = NO;
				EXCLUDED_ARCHS = "";
				FRAMEWORK_SEARCH_PATHS = (
					"$(inherited)",
					"$(PROJECT_DIR)",
					"$(PROJECT_DIR)/../../bin",
					"$(PROJECT_DIR)/../../src/OrderScrapper/Carthage/Build",
					"$(PROJECT_DIR)/../../src/OrderScrapper/Carthage/Build/iOS",
				);
				INFOPLIST_FILE = AmazonOrderScrapper/Info.plist;
				IPHONEOS_DEPLOYMENT_TARGET = 13.0;
				LD_RUNPATH_SEARCH_PATHS = (
					"$(inherited)",
					"@executable_path/Frameworks",
				);
				MACH_O_TYPE = mh_execute;
				MARKETING_VERSION = 0.2.7;
				ONLY_ACTIVE_ARCH = YES;
				OTHER_LDFLAGS = "-ObjC";
				PRODUCT_BUNDLE_IDENTIFIER = ai.blackstraw.receiptstraw.dev;
				PRODUCT_NAME = "ReceiptStraw-Dev";
				PROVISIONING_PROFILE_SPECIFIER = receiptstraw_dev_profile;
				SDK_BASE_ENDPOINT = "https://emailconnect.receiptstarapp.com/orderscrapperqa/";
				SWIFT_VERSION = 5.0;
				TARGETED_DEVICE_FAMILY = "1,2";
				VALIDATE_WORKSPACE = YES;
			};
			name = Prod;
		};
		9D8D93B6265D3F570069261C /* Prod */ = {
			isa = XCBuildConfiguration;
			buildSettings = {
				ALWAYS_EMBED_SWIFT_STANDARD_LIBRARIES = YES;
				BUNDLE_LOADER = "$(TEST_HOST)";
				CODE_SIGN_STYLE = Automatic;
				INFOPLIST_FILE = AmazonOrderScrapperTests/Info.plist;
				IPHONEOS_DEPLOYMENT_TARGET = 14.4;
				LD_RUNPATH_SEARCH_PATHS = (
					"$(inherited)",
					"@executable_path/Frameworks",
					"@loader_path/Frameworks",
				);
				PRODUCT_BUNDLE_IDENTIFIER = ai.blackstraw.amazonorderscrapper.AmazonOrderScrapperTests;
				PRODUCT_NAME = "$(TARGET_NAME)";
				SWIFT_VERSION = 5.0;
				TARGETED_DEVICE_FAMILY = "1,2";
				TEST_HOST = "$(BUILT_PRODUCTS_DIR)/AmazonOrderScrapper.app/AmazonOrderScrapper";
			};
			name = Prod;
		};
		9D8D93B7265D3F570069261C /* Prod */ = {
			isa = XCBuildConfiguration;
			buildSettings = {
				ALWAYS_EMBED_SWIFT_STANDARD_LIBRARIES = YES;
				CODE_SIGN_STYLE = Automatic;
				INFOPLIST_FILE = AmazonOrderScrapperUITests/Info.plist;
				LD_RUNPATH_SEARCH_PATHS = (
					"$(inherited)",
					"@executable_path/Frameworks",
					"@loader_path/Frameworks",
				);
				PRODUCT_BUNDLE_IDENTIFIER = ai.blackstraw.amazonorderscrapper.AmazonOrderScrapperUITests;
				PRODUCT_NAME = "$(TARGET_NAME)";
				SWIFT_VERSION = 5.0;
				TARGETED_DEVICE_FAMILY = "1,2";
				TEST_TARGET_NAME = AmazonOrderScrapper;
			};
			name = Prod;
		};
		9D8D93B8265D3F5E0069261C /* UAT */ = {
			isa = XCBuildConfiguration;
			buildSettings = {
				ALWAYS_SEARCH_USER_PATHS = NO;
				CLANG_ANALYZER_NONNULL = YES;
				CLANG_ANALYZER_NUMBER_OBJECT_CONVERSION = YES_AGGRESSIVE;
				CLANG_CXX_LANGUAGE_STANDARD = "gnu++14";
				CLANG_CXX_LIBRARY = "libc++";
				CLANG_ENABLE_MODULES = YES;
				CLANG_ENABLE_OBJC_ARC = YES;
				CLANG_ENABLE_OBJC_WEAK = YES;
				CLANG_WARN_BLOCK_CAPTURE_AUTORELEASING = YES;
				CLANG_WARN_BOOL_CONVERSION = YES;
				CLANG_WARN_COMMA = YES;
				CLANG_WARN_CONSTANT_CONVERSION = YES;
				CLANG_WARN_DEPRECATED_OBJC_IMPLEMENTATIONS = YES;
				CLANG_WARN_DIRECT_OBJC_ISA_USAGE = YES_ERROR;
				CLANG_WARN_DOCUMENTATION_COMMENTS = YES;
				CLANG_WARN_EMPTY_BODY = YES;
				CLANG_WARN_ENUM_CONVERSION = YES;
				CLANG_WARN_INFINITE_RECURSION = YES;
				CLANG_WARN_INT_CONVERSION = YES;
				CLANG_WARN_NON_LITERAL_NULL_CONVERSION = YES;
				CLANG_WARN_OBJC_IMPLICIT_RETAIN_SELF = YES;
				CLANG_WARN_OBJC_LITERAL_CONVERSION = YES;
				CLANG_WARN_OBJC_ROOT_CLASS = YES_ERROR;
				CLANG_WARN_QUOTED_INCLUDE_IN_FRAMEWORK_HEADER = YES;
				CLANG_WARN_RANGE_LOOP_ANALYSIS = YES;
				CLANG_WARN_STRICT_PROTOTYPES = YES;
				CLANG_WARN_SUSPICIOUS_MOVE = YES;
				CLANG_WARN_UNGUARDED_AVAILABILITY = YES_AGGRESSIVE;
				CLANG_WARN_UNREACHABLE_CODE = YES;
				CLANG_WARN__DUPLICATE_METHOD_MATCH = YES;
				CODE_SIGN_STYLE = Manual;
				COPY_PHASE_STRIP = NO;
				DEBUG_INFORMATION_FORMAT = dwarf;
				DEVELOPMENT_TEAM = VDW9VXMJBR;
				ENABLE_STRICT_OBJC_MSGSEND = YES;
				ENABLE_TESTABILITY = YES;
				"EXCLUDED_ARCHS[sdk=iphonesimulator*]" = arm64;
				GCC_C_LANGUAGE_STANDARD = gnu11;
				GCC_DYNAMIC_NO_PIC = NO;
				GCC_NO_COMMON_BLOCKS = YES;
				GCC_OPTIMIZATION_LEVEL = 0;
				GCC_PREPROCESSOR_DEFINITIONS = (
					"DEBUG=1",
					"$(inherited)",
				);
				GCC_WARN_64_TO_32_BIT_CONVERSION = YES;
				GCC_WARN_ABOUT_RETURN_TYPE = YES_ERROR;
				GCC_WARN_UNDECLARED_SELECTOR = YES;
				GCC_WARN_UNINITIALIZED_AUTOS = YES_AGGRESSIVE;
				GCC_WARN_UNUSED_FUNCTION = YES;
				GCC_WARN_UNUSED_VARIABLE = YES;
				IPHONEOS_DEPLOYMENT_TARGET = 13.0;
				MTL_ENABLE_DEBUG_INFO = INCLUDE_SOURCE;
				MTL_FAST_MATH = YES;
				ONLY_ACTIVE_ARCH = YES;
				SDKROOT = iphoneos;
				SWIFT_ACTIVE_COMPILATION_CONDITIONS = DEBUG;
				SWIFT_OPTIMIZATION_LEVEL = "-Onone";
			};
			name = UAT;
		};
		9D8D93B9265D3F5E0069261C /* UAT */ = {
			isa = XCBuildConfiguration;
			buildSettings = {
				ASSETCATALOG_COMPILER_APPICON_NAME = AppIcon;
				ASSETCATALOG_COMPILER_GLOBAL_ACCENT_COLOR_NAME = AccentColor;
				CODE_SIGN_IDENTITY = "iPhone Developer";
				CODE_SIGN_STYLE = Manual;
				CURRENT_PROJECT_VERSION = 23;
				DEVELOPMENT_TEAM = VDW9VXMJBR;
				ENABLE_BITCODE = NO;
				EXCLUDED_ARCHS = "";
				FRAMEWORK_SEARCH_PATHS = (
					"$(inherited)",
					"$(PROJECT_DIR)",
					"$(PROJECT_DIR)/../../bin",
					"$(PROJECT_DIR)/../../src/OrderScrapper/Carthage/Build",
					"$(PROJECT_DIR)/../../src/OrderScrapper/Carthage/Build/iOS",
				);
				INFOPLIST_FILE = AmazonOrderScrapper/Info.plist;
				IPHONEOS_DEPLOYMENT_TARGET = 13.0;
				LD_RUNPATH_SEARCH_PATHS = (
					"$(inherited)",
					"@executable_path/Frameworks",
				);
				MACH_O_TYPE = mh_execute;
				MARKETING_VERSION = 0.2.7;
				ONLY_ACTIVE_ARCH = YES;
				OTHER_LDFLAGS = "-ObjC";
				PRODUCT_BUNDLE_IDENTIFIER = ai.blackstraw.receiptstraw.dev;
				PRODUCT_NAME = "ReceiptStraw-Dev";
				PROVISIONING_PROFILE_SPECIFIER = receiptstraw_dev_profile;
				SDK_BASE_ENDPOINT = "https://emailconnect.receiptstarapp.com/orderscrapperqa/";
				SWIFT_VERSION = 5.0;
				TARGETED_DEVICE_FAMILY = "1,2";
				VALIDATE_WORKSPACE = YES;
			};
			name = UAT;
		};
		9D8D93BA265D3F5E0069261C /* UAT */ = {
			isa = XCBuildConfiguration;
			buildSettings = {
				ALWAYS_EMBED_SWIFT_STANDARD_LIBRARIES = YES;
				BUNDLE_LOADER = "$(TEST_HOST)";
				CODE_SIGN_STYLE = Automatic;
				INFOPLIST_FILE = AmazonOrderScrapperTests/Info.plist;
				IPHONEOS_DEPLOYMENT_TARGET = 14.4;
				LD_RUNPATH_SEARCH_PATHS = (
					"$(inherited)",
					"@executable_path/Frameworks",
					"@loader_path/Frameworks",
				);
				PRODUCT_BUNDLE_IDENTIFIER = ai.blackstraw.amazonorderscrapper.AmazonOrderScrapperTests;
				PRODUCT_NAME = "$(TARGET_NAME)";
				SWIFT_VERSION = 5.0;
				TARGETED_DEVICE_FAMILY = "1,2";
				TEST_HOST = "$(BUILT_PRODUCTS_DIR)/AmazonOrderScrapper.app/AmazonOrderScrapper";
			};
			name = UAT;
		};
		9D8D93BB265D3F5E0069261C /* UAT */ = {
			isa = XCBuildConfiguration;
			buildSettings = {
				ALWAYS_EMBED_SWIFT_STANDARD_LIBRARIES = YES;
				CODE_SIGN_STYLE = Automatic;
				INFOPLIST_FILE = AmazonOrderScrapperUITests/Info.plist;
				LD_RUNPATH_SEARCH_PATHS = (
					"$(inherited)",
					"@executable_path/Frameworks",
					"@loader_path/Frameworks",
				);
				PRODUCT_BUNDLE_IDENTIFIER = ai.blackstraw.amazonorderscrapper.AmazonOrderScrapperUITests;
				PRODUCT_NAME = "$(TARGET_NAME)";
				SWIFT_VERSION = 5.0;
				TARGETED_DEVICE_FAMILY = "1,2";
				TEST_TARGET_NAME = AmazonOrderScrapper;
			};
			name = UAT;
		};
/* End XCBuildConfiguration section */

/* Begin XCConfigurationList section */
		1CBF6CF125F5FE6F001A801B /* Build configuration list for PBXProject "AmazonOrderScrapper" */ = {
			isa = XCConfigurationList;
			buildConfigurations = (
				9D8D93B8265D3F5E0069261C /* UAT */,
				9D8D93B4265D3F570069261C /* Prod */,
				9D8D93B0265D3F510069261C /* QA */,
				9D8D93AC265D3F440069261C /* Dev */,
				9D78F423265E15D300EF03C3 /* Release copy */,
			);
			defaultConfigurationIsVisible = 0;
			defaultConfigurationName = UAT;
		};
		1CBF6D2325F5FE71001A801B /* Build configuration list for PBXNativeTarget "AmazonOrderScrapper" */ = {
			isa = XCConfigurationList;
			buildConfigurations = (
				9D8D93B9265D3F5E0069261C /* UAT */,
				9D8D93B5265D3F570069261C /* Prod */,
				9D8D93B1265D3F510069261C /* QA */,
				9D8D93AD265D3F440069261C /* Dev */,
				9D78F424265E15D300EF03C3 /* Release copy */,
			);
			defaultConfigurationIsVisible = 0;
			defaultConfigurationName = UAT;
		};
		1CBF6D2625F5FE71001A801B /* Build configuration list for PBXNativeTarget "AmazonOrderScrapperTests" */ = {
			isa = XCConfigurationList;
			buildConfigurations = (
				9D8D93BA265D3F5E0069261C /* UAT */,
				9D8D93B6265D3F570069261C /* Prod */,
				9D8D93B2265D3F510069261C /* QA */,
				9D8D93AE265D3F440069261C /* Dev */,
				9D78F425265E15D300EF03C3 /* Release copy */,
			);
			defaultConfigurationIsVisible = 0;
			defaultConfigurationName = UAT;
		};
		1CBF6D2925F5FE71001A801B /* Build configuration list for PBXNativeTarget "AmazonOrderScrapperUITests" */ = {
			isa = XCConfigurationList;
			buildConfigurations = (
				9D8D93BB265D3F5E0069261C /* UAT */,
				9D8D93B7265D3F570069261C /* Prod */,
				9D8D93B3265D3F510069261C /* QA */,
				9D8D93AF265D3F440069261C /* Dev */,
				9D78F426265E15D300EF03C3 /* Release copy */,
			);
			defaultConfigurationIsVisible = 0;
			defaultConfigurationName = UAT;
		};
/* End XCConfigurationList section */

/* Begin XCVersionGroup section */
		1CBF6D0225F5FE6F001A801B /* AmazonOrderScrapper.xcdatamodeld */ = {
			isa = XCVersionGroup;
			children = (
				1CBF6D0325F5FE6F001A801B /* AmazonOrderScrapper.xcdatamodel */,
			);
			currentVersion = 1CBF6D0325F5FE6F001A801B /* AmazonOrderScrapper.xcdatamodel */;
			path = AmazonOrderScrapper.xcdatamodeld;
			sourceTree = "<group>";
			versionGroupType = wrapper.xcdatamodel;
		};
/* End XCVersionGroup section */
	};
	rootObject = 1CBF6CEE25F5FE6F001A801B /* Project object */;
}
